
Microsoft Visual Studio Solution File, Format Version 12.00
# Visual Studio 14
VisualStudioVersion = 14.0.25420.1
MinimumVisualStudioVersion = 10.0.40219.1
Project("{2150E333-8FDC-42A3-9474-1A3956D46DE8}") = "src", "src", "{B6C68184-0EC2-4885-8C47-F4AFB206B8F7}"
EndProject
Project("{2150E333-8FDC-42A3-9474-1A3956D46DE8}") = "Solution Items", "Solution Items", "{0A34B4F7-4A30-4D8B-A1B7-9AA6A1F644AE}"
	ProjectSection(SolutionItems) = preProject
		global.json = global.json
	EndProjectSection
EndProject
Project("{8BB2217D-0F2D-49D1-97BC-3654ED321F3B}") = "OpenPixelControl.Sharp", "src\OpenPixelControl.Sharp\OpenPixelControl.Sharp.xproj", "{9FAB7017-F78A-4BBE-9F5E-640DF8A95232}"
EndProject
Global
	GlobalSection(SolutionConfigurationPlatforms) = preSolution
		Debug|Any CPU = Debug|Any CPU
		Release|Any CPU = Release|Any CPU
	EndGlobalSection
	GlobalSection(ProjectConfigurationPlatforms) = postSolution
		{9FAB7017-F78A-4BBE-9F5E-640DF8A95232}.Debug|Any CPU.ActiveCfg = Debug|Any CPU
		{9FAB7017-F78A-4BBE-9F5E-640DF8A95232}.Debug|Any CPU.Build.0 = Debug|Any CPU
		{9FAB7017-F78A-4BBE-9F5E-640DF8A95232}.Release|Any CPU.ActiveCfg = Release|Any CPU
		{9FAB7017-F78A-4BBE-9F5E-640DF8A95232}.Release|Any CPU.Build.0 = Release|Any CPU
	EndGlobalSection
	GlobalSection(SolutionProperties) = preSolution
		HideSolutionNode = FALSE
	EndGlobalSection
	GlobalSection(NestedProjects) = preSolution
		{9FAB7017-F78A-4BBE-9F5E-640DF8A95232} = {B6C68184-0EC2-4885-8C47-F4AFB206B8F7}
	EndGlobalSection
EndGlobal
